// !$*UTF8*$!
{
	archiveVersion = 1;
	classes = {
	};
	objectVersion = 46;
	objects = {

/* Begin PBXBuildFile section */
		8807B3C21C43AD6B00973BE6 /* NatNetYAML.c in Sources */ = {isa = PBXBuildFile; fileRef = 8807B3C01C43A7E000973BE6 /* NatNetYAML.c */; };
		8807B3C31C43AD6D00973BE6 /* NatNetYAML.c in Sources */ = {isa = PBXBuildFile; fileRef = 8807B3C01C43A7E000973BE6 /* NatNetYAML.c */; };
		8807B3C51C43AF9500973BE6 /* libyaml-0.2.dylib in Frameworks */ = {isa = PBXBuildFile; fileRef = 8807B3C41C43AF9500973BE6 /* libyaml-0.2.dylib */; };
		8807B3C61C43AF9E00973BE6 /* libyaml-0.2.dylib in Frameworks */ = {isa = PBXBuildFile; fileRef = 8807B3C41C43AF9500973BE6 /* libyaml-0.2.dylib */; };
		8807B3C71C43AFA500973BE6 /* libyaml-0.2.dylib in Frameworks */ = {isa = PBXBuildFile; fileRef = 8807B3C41C43AF9500973BE6 /* libyaml-0.2.dylib */; };
		88258B2C1C3ACEB1003A3852 /* test_fuse.c in Sources */ = {isa = PBXBuildFile; fileRef = 88258B201C3ACE62003A3852 /* test_fuse.c */; };
		88258B2E1C3AD126003A3852 /* libosxfuse_i64.2.dylib in Frameworks */ = {isa = PBXBuildFile; fileRef = 88258B2D1C3AD126003A3852 /* libosxfuse_i64.2.dylib */; };
		88258B3B1C3BE92D003A3852 /* NatNetC.c in Sources */ = {isa = PBXBuildFile; fileRef = 887AC1491C286496006DE75B /* NatNetC.c */; };
		88258B3C1C3BE92D003A3852 /* NatNetTypes.c in Sources */ = {isa = PBXBuildFile; fileRef = 88258B1A1C32D100003A3852 /* NatNetTypes.c */; };
		88258B471C3BECC4003A3852 /* libNatNetC.dylib in Frameworks */ = {isa = PBXBuildFile; fileRef = 88258B371C3BE91A003A3852 /* libNatNetC.dylib */; };
		88258B5C1C3BEDC3003A3852 /* NatNetC.c in Sources */ = {isa = PBXBuildFile; fileRef = 887AC1491C286496006DE75B /* NatNetC.c */; };
		88258B5D1C3BEDC3003A3852 /* NatNetTypes.c in Sources */ = {isa = PBXBuildFile; fileRef = 88258B1A1C32D100003A3852 /* NatNetTypes.c */; };
		887AC14F1C2986D8006DE75B /* NatNetMain.c in Sources */ = {isa = PBXBuildFile; fileRef = 887AC14C1C297F27006DE75B /* NatNetMain.c */; };
		887AC15A1C2AC26F006DE75B /* main.c in Sources */ = {isa = PBXBuildFile; fileRef = 887A58D11C259EF700B5D0B1 /* main.c */; };
		887AC1641C2B135D006DE75B /* main.c in Sources */ = {isa = PBXBuildFile; fileRef = 887AC1631C2B135D006DE75B /* main.c */; };
		88CAAB411C4665C400908F11 /* libNatNetC.a in Frameworks */ = {isa = PBXBuildFile; fileRef = 88258B581C3BEDAD003A3852 /* libNatNetC.a */; };
/* End PBXBuildFile section */

/* Begin PBXContainerItemProxy section */
		88258B421C3BEC19003A3852 /* PBXContainerItemProxy */ = {
			isa = PBXContainerItemProxy;
			containerPortal = 887A58C61C259EF700B5D0B1 /* Project object */;
			proxyType = 1;
			remoteGlobalIDString = 88258B361C3BE91A003A3852;
			remoteInfo = NatNetC;
		};
		88258B451C3BECBE003A3852 /* PBXContainerItemProxy */ = {
			isa = PBXContainerItemProxy;
			containerPortal = 887A58C61C259EF700B5D0B1 /* Project object */;
			proxyType = 1;
			remoteGlobalIDString = 88258B361C3BE91A003A3852;
			remoteInfo = NatNetC;
		};
		88CAAB421C4665CD00908F11 /* PBXContainerItemProxy */ = {
			isa = PBXContainerItemProxy;
			containerPortal = 887A58C61C259EF700B5D0B1 /* Project object */;
			proxyType = 1;
			remoteGlobalIDString = 88258B571C3BEDAD003A3852;
			remoteInfo = NatNetCstatic;
		};
/* End PBXContainerItemProxy section */

/* Begin PBXCopyFilesBuildPhase section */
		88258B231C3ACEAC003A3852 /* CopyFiles */ = {
			isa = PBXCopyFilesBuildPhase;
			buildActionMask = 2147483647;
			dstPath = /usr/share/man/man1/;
			dstSubfolderSpec = 0;
			files = (
			);
			runOnlyForDeploymentPostprocessing = 1;
		};
		887A58CC1C259EF700B5D0B1 /* CopyFiles */ = {
			isa = PBXCopyFilesBuildPhase;
			buildActionMask = 2147483647;
			dstPath = /usr/share/man/man1/;
			dstSubfolderSpec = 0;
			files = (
			);
			runOnlyForDeploymentPostprocessing = 1;
		};
		887AC1551C2AC252006DE75B /* CopyFiles */ = {
			isa = PBXCopyFilesBuildPhase;
			buildActionMask = 2147483647;
			dstPath = /usr/share/man/man1/;
			dstSubfolderSpec = 0;
			files = (
			);
			runOnlyForDeploymentPostprocessing = 1;
		};
		887AC15F1C2B135C006DE75B /* CopyFiles */ = {
			isa = PBXCopyFilesBuildPhase;
			buildActionMask = 2147483647;
			dstPath = /usr/share/man/man1/;
			dstSubfolderSpec = 0;
			files = (
			);
			runOnlyForDeploymentPostprocessing = 1;
		};
/* End PBXCopyFilesBuildPhase section */

/* Begin PBXFileReference section */
		8807B3C01C43A7E000973BE6 /* NatNetYAML.c */ = {isa = PBXFileReference; fileEncoding = 4; lastKnownFileType = sourcecode.c.c; name = NatNetYAML.c; path = NatNetC/NatNetYAML.c; sourceTree = "<group>"; };
		8807B3C41C43AF9500973BE6 /* libyaml-0.2.dylib */ = {isa = PBXFileReference; lastKnownFileType = "compiled.mach-o.dylib"; name = "libyaml-0.2.dylib"; path = "../../../../../usr/local/Cellar/libyaml/0.1.6_1/lib/libyaml-0.2.dylib"; sourceTree = "<group>"; };
		88258B1A1C32D100003A3852 /* NatNetTypes.c */ = {isa = PBXFileReference; fileEncoding = 4; lastKnownFileType = sourcecode.c.c; name = NatNetTypes.c; path = NatNetC/NatNetTypes.c; sourceTree = "<group>"; };
		88258B201C3ACE62003A3852 /* test_fuse.c */ = {isa = PBXFileReference; lastKnownFileType = sourcecode.c.c; name = test_fuse.c; path = fuse/test_fuse.c; sourceTree = "<group>"; };
		88258B251C3ACEAC003A3852 /* fuse_test */ = {isa = PBXFileReference; explicitFileType = "compiled.mach-o.executable"; includeInIndex = 0; path = fuse_test; sourceTree = BUILT_PRODUCTS_DIR; };
		88258B2D1C3AD126003A3852 /* libosxfuse_i64.2.dylib */ = {isa = PBXFileReference; lastKnownFileType = "compiled.mach-o.dylib"; name = libosxfuse_i64.2.dylib; path = /usr/local/lib/libosxfuse_i64.2.dylib; sourceTree = "<absolute>"; };
		88258B371C3BE91A003A3852 /* libNatNetC.dylib */ = {isa = PBXFileReference; explicitFileType = "compiled.mach-o.dylib"; includeInIndex = 0; path = libNatNetC.dylib; sourceTree = BUILT_PRODUCTS_DIR; };
		88258B3E1C3BEBA7003A3852 /* NatNetTypes.h */ = {isa = PBXFileReference; fileEncoding = 4; lastKnownFileType = sourcecode.c.h; name = NatNetTypes.h; path = include/NatNetC/NatNetTypes.h; sourceTree = "<group>"; };
		88258B401C3BEBAF003A3852 /* NatNetC.h */ = {isa = PBXFileReference; fileEncoding = 4; lastKnownFileType = sourcecode.c.h; name = NatNetC.h; path = include/NatNetC.h; sourceTree = "<group>"; };
		88258B581C3BEDAD003A3852 /* libNatNetC.a */ = {isa = PBXFileReference; explicitFileType = archive.ar; includeInIndex = 0; path = libNatNetC.a; sourceTree = BUILT_PRODUCTS_DIR; };
		883BFF7F1C329B9300DD8226 /* CoreFoundation.framework */ = {isa = PBXFileReference; lastKnownFileType = wrapper.framework; name = CoreFoundation.framework; path = System/Library/Frameworks/CoreFoundation.framework; sourceTree = SDKROOT; };
		887A58CE1C259EF700B5D0B1 /* NatNetCLI */ = {isa = PBXFileReference; explicitFileType = "compiled.mach-o.executable"; includeInIndex = 0; path = NatNetCLI; sourceTree = BUILT_PRODUCTS_DIR; };
		887A58D11C259EF700B5D0B1 /* main.c */ = {isa = PBXFileReference; lastKnownFileType = sourcecode.c.c; path = main.c; sourceTree = "<group>"; };
		887AC1491C286496006DE75B /* NatNetC.c */ = {isa = PBXFileReference; fileEncoding = 4; lastKnownFileType = sourcecode.c.c; name = NatNetC.c; path = NatNetC/NatNetC.c; sourceTree = "<group>"; };
		887AC14C1C297F27006DE75B /* NatNetMain.c */ = {isa = PBXFileReference; fileEncoding = 4; lastKnownFileType = sourcecode.c.c; path = NatNetMain.c; sourceTree = "<group>"; };
		887AC1591C2AC252006DE75B /* NatNetCLIOrig */ = {isa = PBXFileReference; explicitFileType = "compiled.mach-o.executable"; includeInIndex = 0; path = NatNetCLIOrig; sourceTree = BUILT_PRODUCTS_DIR; };
		887AC1611C2B135D006DE75B /* test */ = {isa = PBXFileReference; explicitFileType = "compiled.mach-o.executable"; includeInIndex = 0; path = test; sourceTree = BUILT_PRODUCTS_DIR; };
		887AC1631C2B135D006DE75B /* main.c */ = {isa = PBXFileReference; lastKnownFileType = sourcecode.c.c; path = main.c; sourceTree = "<group>"; };
/* End PBXFileReference section */

/* Begin PBXFrameworksBuildPhase section */
		88258B221C3ACEAC003A3852 /* Frameworks */ = {
			isa = PBXFrameworksBuildPhase;
			buildActionMask = 2147483647;
			files = (
				88258B2E1C3AD126003A3852 /* libosxfuse_i64.2.dylib in Frameworks */,
			);
			runOnlyForDeploymentPostprocessing = 0;
		};
		88258B341C3BE91A003A3852 /* Frameworks */ = {
			isa = PBXFrameworksBuildPhase;
			buildActionMask = 2147483647;
			files = (
				8807B3C61C43AF9E00973BE6 /* libyaml-0.2.dylib in Frameworks */,
			);
			runOnlyForDeploymentPostprocessing = 0;
		};
		88258B551C3BEDAD003A3852 /* Frameworks */ = {
			isa = PBXFrameworksBuildPhase;
			buildActionMask = 2147483647;
			files = (
				8807B3C71C43AFA500973BE6 /* libyaml-0.2.dylib in Frameworks */,
			);
			runOnlyForDeploymentPostprocessing = 0;
		};
		887A58CB1C259EF700B5D0B1 /* Frameworks */ = {
			isa = PBXFrameworksBuildPhase;
			buildActionMask = 2147483647;
			files = (
				8807B3C51C43AF9500973BE6 /* libyaml-0.2.dylib in Frameworks */,
				88258B471C3BECC4003A3852 /* libNatNetC.dylib in Frameworks */,
			);
			runOnlyForDeploymentPostprocessing = 0;
		};
		887AC1541C2AC252006DE75B /* Frameworks */ = {
			isa = PBXFrameworksBuildPhase;
			buildActionMask = 2147483647;
			files = (
			);
			runOnlyForDeploymentPostprocessing = 0;
		};
		887AC15E1C2B135C006DE75B /* Frameworks */ = {
			isa = PBXFrameworksBuildPhase;
			buildActionMask = 2147483647;
			files = (
				88CAAB411C4665C400908F11 /* libNatNetC.a in Frameworks */,
			);
			runOnlyForDeploymentPostprocessing = 0;
		};
/* End PBXFrameworksBuildPhase section */

/* Begin PBXGroup section */
		88258B1F1C3ACE38003A3852 /* fuse */ = {
			isa = PBXGroup;
			children = (
				88258B201C3ACE62003A3852 /* test_fuse.c */,
			);
			name = fuse;
			sourceTree = "<group>";
		};
		88258B2F1C3BE7B2003A3852 /* NatNetC */ = {
			isa = PBXGroup;
			children = (
				887AC1491C286496006DE75B /* NatNetC.c */,
				88258B1A1C32D100003A3852 /* NatNetTypes.c */,
				8807B3C01C43A7E000973BE6 /* NatNetYAML.c */,
				88258B611C3BEEC2003A3852 /* include */,
			);
			name = NatNetC;
			sourceTree = "<group>";
		};
		88258B321C3BE801003A3852 /* Frameworks */ = {
			isa = PBXGroup;
			children = (
				8807B3C41C43AF9500973BE6 /* libyaml-0.2.dylib */,
				88258B2D1C3AD126003A3852 /* libosxfuse_i64.2.dylib */,
				883BFF7F1C329B9300DD8226 /* CoreFoundation.framework */,
			);
			name = Frameworks;
			sourceTree = "<group>";
		};
		88258B601C3BEEB0003A3852 /* NatNetC */ = {
			isa = PBXGroup;
			children = (
				88258B3E1C3BEBA7003A3852 /* NatNetTypes.h */,
			);
			name = NatNetC;
			sourceTree = "<group>";
		};
		88258B611C3BEEC2003A3852 /* include */ = {
			isa = PBXGroup;
			children = (
				88258B601C3BEEB0003A3852 /* NatNetC */,
				88258B401C3BEBAF003A3852 /* NatNetC.h */,
			);
			name = include;
			sourceTree = "<group>";
		};
		887A58C51C259EF700B5D0B1 = {
			isa = PBXGroup;
			children = (
				887A58D01C259EF700B5D0B1 /* NatNetCLI */,
				88258B2F1C3BE7B2003A3852 /* NatNetC */,
				887AC1621C2B135D006DE75B /* test */,
				88258B1F1C3ACE38003A3852 /* fuse */,
				88258B321C3BE801003A3852 /* Frameworks */,
				887A58CF1C259EF700B5D0B1 /* Products */,
			);
			sourceTree = "<group>";
		};
		887A58CF1C259EF700B5D0B1 /* Products */ = {
			isa = PBXGroup;
			children = (
				887A58CE1C259EF700B5D0B1 /* NatNetCLI */,
				887AC1591C2AC252006DE75B /* NatNetCLIOrig */,
				887AC1611C2B135D006DE75B /* test */,
				88258B251C3ACEAC003A3852 /* fuse_test */,
				88258B371C3BE91A003A3852 /* libNatNetC.dylib */,
				88258B581C3BEDAD003A3852 /* libNatNetC.a */,
			);
			name = Products;
			sourceTree = "<group>";
		};
		887A58D01C259EF700B5D0B1 /* NatNetCLI */ = {
			isa = PBXGroup;
			children = (
				887A58D11C259EF700B5D0B1 /* main.c */,
				887AC14C1C297F27006DE75B /* NatNetMain.c */,
			);
			path = NatNetCLI;
			sourceTree = "<group>";
		};
		887AC1621C2B135D006DE75B /* test */ = {
			isa = PBXGroup;
			children = (
				887AC1631C2B135D006DE75B /* main.c */,
			);
			path = test;
			sourceTree = "<group>";
		};
/* End PBXGroup section */

/* Begin PBXHeadersBuildPhase section */
		88258B351C3BE91A003A3852 /* Headers */ = {
			isa = PBXHeadersBuildPhase;
			buildActionMask = 2147483647;
			files = (
			);
			runOnlyForDeploymentPostprocessing = 0;
		};
		88258B561C3BEDAD003A3852 /* Headers */ = {
			isa = PBXHeadersBuildPhase;
			buildActionMask = 2147483647;
			files = (
			);
			runOnlyForDeploymentPostprocessing = 0;
		};
/* End PBXHeadersBuildPhase section */

/* Begin PBXNativeTarget section */
		88258B241C3ACEAC003A3852 /* fuse_test */ = {
			isa = PBXNativeTarget;
			buildConfigurationList = 88258B291C3ACEAC003A3852 /* Build configuration list for PBXNativeTarget "fuse_test" */;
			buildPhases = (
				88258B211C3ACEAC003A3852 /* Sources */,
				88258B221C3ACEAC003A3852 /* Frameworks */,
				88258B231C3ACEAC003A3852 /* CopyFiles */,
			);
			buildRules = (
			);
			dependencies = (
			);
			name = fuse_test;
			productName = fuse_test;
			productReference = 88258B251C3ACEAC003A3852 /* fuse_test */;
			productType = "com.apple.product-type.tool";
		};
		88258B361C3BE91A003A3852 /* NatNetC */ = {
			isa = PBXNativeTarget;
			buildConfigurationList = 88258B381C3BE91A003A3852 /* Build configuration list for PBXNativeTarget "NatNetC" */;
			buildPhases = (
				88258B331C3BE91A003A3852 /* Sources */,
				88258B341C3BE91A003A3852 /* Frameworks */,
				88258B351C3BE91A003A3852 /* Headers */,
			);
			buildRules = (
			);
			dependencies = (
			);
			name = NatNetC;
			productName = NatNetC;
			productReference = 88258B371C3BE91A003A3852 /* libNatNetC.dylib */;
			productType = "com.apple.product-type.library.dynamic";
		};
		88258B571C3BEDAD003A3852 /* NatNetCstatic */ = {
			isa = PBXNativeTarget;
			buildConfigurationList = 88258B591C3BEDAD003A3852 /* Build configuration list for PBXNativeTarget "NatNetCstatic" */;
			buildPhases = (
				88258B541C3BEDAD003A3852 /* Sources */,
				88258B551C3BEDAD003A3852 /* Frameworks */,
				88258B561C3BEDAD003A3852 /* Headers */,
			);
			buildRules = (
			);
			dependencies = (
			);
			name = NatNetCstatic;
			productName = NatNetCstatic;
			productReference = 88258B581C3BEDAD003A3852 /* libNatNetC.a */;
			productType = "com.apple.product-type.library.static";
		};
		887A58CD1C259EF700B5D0B1 /* NatNetCLI */ = {
			isa = PBXNativeTarget;
			buildConfigurationList = 887A58D51C259EF700B5D0B1 /* Build configuration list for PBXNativeTarget "NatNetCLI" */;
			buildPhases = (
				887A58CA1C259EF700B5D0B1 /* Sources */,
				887A58CB1C259EF700B5D0B1 /* Frameworks */,
				887A58CC1C259EF700B5D0B1 /* CopyFiles */,
			);
			buildRules = (
			);
			dependencies = (
				88258B461C3BECBE003A3852 /* PBXTargetDependency */,
			);
			name = NatNetCLI;
			productName = NatNetCLI;
			productReference = 887A58CE1C259EF700B5D0B1 /* NatNetCLI */;
			productType = "com.apple.product-type.tool";
		};
		887AC1501C2AC252006DE75B /* NatNetCLIOrig */ = {
			isa = PBXNativeTarget;
			buildConfigurationList = 887AC1561C2AC252006DE75B /* Build configuration list for PBXNativeTarget "NatNetCLIOrig" */;
			buildPhases = (
				887AC1511C2AC252006DE75B /* Sources */,
				887AC1541C2AC252006DE75B /* Frameworks */,
				887AC1551C2AC252006DE75B /* CopyFiles */,
			);
			buildRules = (
			);
			dependencies = (
			);
			name = NatNetCLIOrig;
			productName = NatNetCLI;
			productReference = 887AC1591C2AC252006DE75B /* NatNetCLIOrig */;
			productType = "com.apple.product-type.tool";
		};
		887AC1601C2B135C006DE75B /* test */ = {
			isa = PBXNativeTarget;
			buildConfigurationList = 887AC1671C2B135D006DE75B /* Build configuration list for PBXNativeTarget "test" */;
			buildPhases = (
				887AC15D1C2B135C006DE75B /* Sources */,
				887AC15E1C2B135C006DE75B /* Frameworks */,
				887AC15F1C2B135C006DE75B /* CopyFiles */,
			);
			buildRules = (
			);
			dependencies = (
				88CAAB431C4665CD00908F11 /* PBXTargetDependency */,
				88258B431C3BEC19003A3852 /* PBXTargetDependency */,
			);
			name = test;
			productName = test;
			productReference = 887AC1611C2B135D006DE75B /* test */;
			productType = "com.apple.product-type.tool";
		};
/* End PBXNativeTarget section */

/* Begin PBXProject section */
		887A58C61C259EF700B5D0B1 /* Project object */ = {
			isa = PBXProject;
			attributes = {
				LastUpgradeCheck = 0720;
				ORGANIZATIONNAME = UniTN;
				TargetAttributes = {
					88258B241C3ACEAC003A3852 = {
						CreatedOnToolsVersion = 7.2;
					};
					88258B361C3BE91A003A3852 = {
						CreatedOnToolsVersion = 7.2;
					};
					88258B571C3BEDAD003A3852 = {
						CreatedOnToolsVersion = 7.2;
					};
					887A58CD1C259EF700B5D0B1 = {
						CreatedOnToolsVersion = 7.2;
					};
					887AC1601C2B135C006DE75B = {
						CreatedOnToolsVersion = 7.2;
					};
				};
			};
			buildConfigurationList = 887A58C91C259EF700B5D0B1 /* Build configuration list for PBXProject "NatNetC" */;
			compatibilityVersion = "Xcode 3.2";
			developmentRegion = English;
			hasScannedForEncodings = 0;
			knownRegions = (
				en,
			);
			mainGroup = 887A58C51C259EF700B5D0B1;
			productRefGroup = 887A58CF1C259EF700B5D0B1 /* Products */;
			projectDirPath = "";
			projectRoot = "";
			targets = (
				88258B361C3BE91A003A3852 /* NatNetC */,
				88258B571C3BEDAD003A3852 /* NatNetCstatic */,
				887A58CD1C259EF700B5D0B1 /* NatNetCLI */,
				887AC1601C2B135C006DE75B /* test */,
				88258B241C3ACEAC003A3852 /* fuse_test */,
				887AC1501C2AC252006DE75B /* NatNetCLIOrig */,
			);
		};
/* End PBXProject section */

/* Begin PBXSourcesBuildPhase section */
		88258B211C3ACEAC003A3852 /* Sources */ = {
			isa = PBXSourcesBuildPhase;
			buildActionMask = 2147483647;
			files = (
				88258B2C1C3ACEB1003A3852 /* test_fuse.c in Sources */,
			);
			runOnlyForDeploymentPostprocessing = 0;
		};
		88258B331C3BE91A003A3852 /* Sources */ = {
			isa = PBXSourcesBuildPhase;
			buildActionMask = 2147483647;
			files = (
				88258B3B1C3BE92D003A3852 /* NatNetC.c in Sources */,
				8807B3C21C43AD6B00973BE6 /* NatNetYAML.c in Sources */,
				88258B3C1C3BE92D003A3852 /* NatNetTypes.c in Sources */,
			);
			runOnlyForDeploymentPostprocessing = 0;
		};
		88258B541C3BEDAD003A3852 /* Sources */ = {
			isa = PBXSourcesBuildPhase;
			buildActionMask = 2147483647;
			files = (
				88258B5C1C3BEDC3003A3852 /* NatNetC.c in Sources */,
				8807B3C31C43AD6D00973BE6 /* NatNetYAML.c in Sources */,
				88258B5D1C3BEDC3003A3852 /* NatNetTypes.c in Sources */,
			);
			runOnlyForDeploymentPostprocessing = 0;
		};
		887A58CA1C259EF700B5D0B1 /* Sources */ = {
			isa = PBXSourcesBuildPhase;
			buildActionMask = 2147483647;
			files = (
				887AC14F1C2986D8006DE75B /* NatNetMain.c in Sources */,
			);
			runOnlyForDeploymentPostprocessing = 0;
		};
		887AC1511C2AC252006DE75B /* Sources */ = {
			isa = PBXSourcesBuildPhase;
			buildActionMask = 2147483647;
			files = (
				887AC15A1C2AC26F006DE75B /* main.c in Sources */,
			);
			runOnlyForDeploymentPostprocessing = 0;
		};
		887AC15D1C2B135C006DE75B /* Sources */ = {
			isa = PBXSourcesBuildPhase;
			buildActionMask = 2147483647;
			files = (
				887AC1641C2B135D006DE75B /* main.c in Sources */,
			);
			runOnlyForDeploymentPostprocessing = 0;
		};
/* End PBXSourcesBuildPhase section */

/* Begin PBXTargetDependency section */
		88258B431C3BEC19003A3852 /* PBXTargetDependency */ = {
			isa = PBXTargetDependency;
			target = 88258B361C3BE91A003A3852 /* NatNetC */;
			targetProxy = 88258B421C3BEC19003A3852 /* PBXContainerItemProxy */;
		};
		88258B461C3BECBE003A3852 /* PBXTargetDependency */ = {
			isa = PBXTargetDependency;
			target = 88258B361C3BE91A003A3852 /* NatNetC */;
			targetProxy = 88258B451C3BECBE003A3852 /* PBXContainerItemProxy */;
		};
		88CAAB431C4665CD00908F11 /* PBXTargetDependency */ = {
			isa = PBXTargetDependency;
			target = 88258B571C3BEDAD003A3852 /* NatNetCstatic */;
			targetProxy = 88CAAB421C4665CD00908F11 /* PBXContainerItemProxy */;
		};
/* End PBXTargetDependency section */

/* Begin XCBuildConfiguration section */
		88258B2A1C3ACEAC003A3852 /* Debug */ = {
			isa = XCBuildConfiguration;
			buildSettings = {
				DEPLOYMENT_LOCATION = YES;
				DSTROOT = "$(PROJECT_DIR)";
				GCC_PREPROCESSOR_DEFINITIONS = (
					"_FILE_OFFSET_BITS=64",
					"DEBUG=1",
					"$(inherited)",
				);
				HEADER_SEARCH_PATHS = (
					/usr/local/include,
					/usr/local/include/osxfuse,
				);
				INSTALL_PATH = /bin;
				LIBRARY_SEARCH_PATHS = /usr/local/lib;
				PRODUCT_NAME = "$(TARGET_NAME)";
			};
			name = Debug;
		};
		88258B2B1C3ACEAC003A3852 /* Release */ = {
			isa = XCBuildConfiguration;
			buildSettings = {
				DEPLOYMENT_LOCATION = YES;
				DSTROOT = "$(PROJECT_DIR)";
				GCC_PREPROCESSOR_DEFINITIONS = "_FILE_OFFSET_BITS=64";
				HEADER_SEARCH_PATHS = (
					/usr/local/include,
					/usr/local/include/osxfuse,
				);
				INSTALL_PATH = /bin;
				LIBRARY_SEARCH_PATHS = /usr/local/lib;
				PRODUCT_NAME = "$(TARGET_NAME)";
			};
			name = Release;
		};
		88258B391C3BE91A003A3852 /* Debug */ = {
			isa = XCBuildConfiguration;
			buildSettings = {
				CLANG_ENABLE_MODULES = NO;
				DEPLOYMENT_LOCATION = YES;
				DSTROOT = "$(PROJECT_DIR)/lib";
				DYLIB_COMPATIBILITY_VERSION = 1;
				DYLIB_CURRENT_VERSION = 1;
				EXECUTABLE_PREFIX = lib;
				GCC_PREPROCESSOR_DEFINITIONS_NOT_USED_IN_PRECOMPS = "NATNET_YAML=1";
				HEADER_SEARCH_PATHS = /usr/local/include;
				INSTALL_PATH = /;
				LIBRARY_SEARCH_PATHS = (
					/usr/local/lib,
					/usr/local/Cellar/libyaml/0.1.6_1/lib,
				);
				PRODUCT_NAME = "$(TARGET_NAME)";
				USER_HEADER_SEARCH_PATHS = "$(PROJECT_DIR)/include";
			};
			name = Debug;
		};
		88258B3A1C3BE91A003A3852 /* Release */ = {
			isa = XCBuildConfiguration;
			buildSettings = {
				CLANG_ENABLE_MODULES = NO;
				DEPLOYMENT_LOCATION = YES;
				DSTROOT = "$(PROJECT_DIR)/lib";
				DYLIB_COMPATIBILITY_VERSION = 1;
				DYLIB_CURRENT_VERSION = 1;
				EXECUTABLE_PREFIX = lib;
				GCC_PREPROCESSOR_DEFINITIONS_NOT_USED_IN_PRECOMPS = "NATNET_YAML=1";
				HEADER_SEARCH_PATHS = /usr/local/include;
				INSTALL_PATH = /;
				LIBRARY_SEARCH_PATHS = (
					/usr/local/lib,
					/usr/local/Cellar/libyaml/0.1.6_1/lib,
				);
				PRODUCT_NAME = "$(TARGET_NAME)";
				USER_HEADER_SEARCH_PATHS = "$(PROJECT_DIR)/include";
			};
			name = Release;
		};
		88258B5A1C3BEDAD003A3852 /* Debug */ = {
			isa = XCBuildConfiguration;
			buildSettings = {
				CLANG_ENABLE_MODULES = NO;
				DEPLOYMENT_LOCATION = YES;
				DSTROOT = "$(PROJECT_DIR)/lib";
				EXECUTABLE_PREFIX = lib;
				GCC_PREPROCESSOR_DEFINITIONS_NOT_USED_IN_PRECOMPS = "NATNET_YAML=1";
				HEADER_SEARCH_PATHS = /usr/local/include;
				INSTALL_PATH = /;
				LIBRARY_SEARCH_PATHS = (
					/usr/local/lib,
					/usr/local/Cellar/libyaml/0.1.6_1/lib,
				);
				PRODUCT_NAME = NatNetC;
				USER_HEADER_SEARCH_PATHS = "$(PROJECT_DIR)/include";
			};
			name = Debug;
		};
		88258B5B1C3BEDAD003A3852 /* Release */ = {
			isa = XCBuildConfiguration;
			buildSettings = {
				CLANG_ENABLE_MODULES = NO;
				DEPLOYMENT_LOCATION = YES;
				DSTROOT = "$(PROJECT_DIR)/lib";
				EXECUTABLE_PREFIX = lib;
				GCC_PREPROCESSOR_DEFINITIONS_NOT_USED_IN_PRECOMPS = "NATNET_YAML=1";
				HEADER_SEARCH_PATHS = /usr/local/include;
				INSTALL_PATH = /;
				LIBRARY_SEARCH_PATHS = (
					/usr/local/lib,
					/usr/local/Cellar/libyaml/0.1.6_1/lib,
				);
				PRODUCT_NAME = NatNetC;
				USER_HEADER_SEARCH_PATHS = "$(PROJECT_DIR)/include";
			};
			name = Release;
		};
		887A58D31C259EF700B5D0B1 /* Debug */ = {
			isa = XCBuildConfiguration;
			buildSettings = {
				ALWAYS_SEARCH_USER_PATHS = NO;
				CLANG_CXX_LANGUAGE_STANDARD = "gnu++0x";
				CLANG_CXX_LIBRARY = "libc++";
				CLANG_ENABLE_MODULES = YES;
				CLANG_ENABLE_OBJC_ARC = YES;
				CLANG_WARN_BOOL_CONVERSION = YES;
				CLANG_WARN_CONSTANT_CONVERSION = YES;
				CLANG_WARN_DIRECT_OBJC_ISA_USAGE = YES_ERROR;
				CLANG_WARN_EMPTY_BODY = YES;
				CLANG_WARN_ENUM_CONVERSION = YES;
				CLANG_WARN_INT_CONVERSION = YES;
				CLANG_WARN_OBJC_ROOT_CLASS = YES_ERROR;
				CLANG_WARN_UNREACHABLE_CODE = YES;
				CLANG_WARN__DUPLICATE_METHOD_MATCH = YES;
				CODE_SIGN_IDENTITY = "-";
				COPY_PHASE_STRIP = NO;
				DEBUG_INFORMATION_FORMAT = dwarf;
				ENABLE_STRICT_OBJC_MSGSEND = YES;
				ENABLE_TESTABILITY = YES;
				GCC_C_LANGUAGE_STANDARD = gnu99;
				GCC_DYNAMIC_NO_PIC = NO;
				GCC_NO_COMMON_BLOCKS = YES;
				GCC_OPTIMIZATION_LEVEL = 0;
				GCC_PREPROCESSOR_DEFINITIONS = (
					"DEBUG=1",
					"$(inherited)",
				);
				GCC_WARN_64_TO_32_BIT_CONVERSION = YES;
				GCC_WARN_ABOUT_RETURN_TYPE = YES_ERROR;
				GCC_WARN_UNDECLARED_SELECTOR = YES;
				GCC_WARN_UNINITIALIZED_AUTOS = YES_AGGRESSIVE;
				GCC_WARN_UNUSED_FUNCTION = YES;
				GCC_WARN_UNUSED_VARIABLE = YES;
				HEADER_SEARCH_PATHS = "$(PROJECT_DIR)/include";
				MACOSX_DEPLOYMENT_TARGET = 10.11;
				MTL_ENABLE_DEBUG_INFO = YES;
				ONLY_ACTIVE_ARCH = YES;
				SDKROOT = macosx;
			};
			name = Debug;
		};
		887A58D41C259EF700B5D0B1 /* Release */ = {
			isa = XCBuildConfiguration;
			buildSettings = {
				ALWAYS_SEARCH_USER_PATHS = NO;
				CLANG_CXX_LANGUAGE_STANDARD = "gnu++0x";
				CLANG_CXX_LIBRARY = "libc++";
				CLANG_ENABLE_MODULES = YES;
				CLANG_ENABLE_OBJC_ARC = YES;
				CLANG_WARN_BOOL_CONVERSION = YES;
				CLANG_WARN_CONSTANT_CONVERSION = YES;
				CLANG_WARN_DIRECT_OBJC_ISA_USAGE = YES_ERROR;
				CLANG_WARN_EMPTY_BODY = YES;
				CLANG_WARN_ENUM_CONVERSION = YES;
				CLANG_WARN_INT_CONVERSION = YES;
				CLANG_WARN_OBJC_ROOT_CLASS = YES_ERROR;
				CLANG_WARN_UNREACHABLE_CODE = YES;
				CLANG_WARN__DUPLICATE_METHOD_MATCH = YES;
				CODE_SIGN_IDENTITY = "-";
				COPY_PHASE_STRIP = NO;
				DEBUG_INFORMATION_FORMAT = "dwarf-with-dsym";
				ENABLE_NS_ASSERTIONS = NO;
				ENABLE_STRICT_OBJC_MSGSEND = YES;
				GCC_C_LANGUAGE_STANDARD = gnu99;
				GCC_NO_COMMON_BLOCKS = YES;
				GCC_WARN_64_TO_32_BIT_CONVERSION = YES;
				GCC_WARN_ABOUT_RETURN_TYPE = YES_ERROR;
				GCC_WARN_UNDECLARED_SELECTOR = YES;
				GCC_WARN_UNINITIALIZED_AUTOS = YES_AGGRESSIVE;
				GCC_WARN_UNUSED_FUNCTION = YES;
				GCC_WARN_UNUSED_VARIABLE = YES;
				HEADER_SEARCH_PATHS = "$(PROJECT_DIR)/include";
				MACOSX_DEPLOYMENT_TARGET = 10.11;
				MTL_ENABLE_DEBUG_INFO = NO;
				SDKROOT = macosx;
			};
			name = Release;
		};
		887A58D61C259EF700B5D0B1 /* Debug */ = {
			isa = XCBuildConfiguration;
			buildSettings = {
				CLANG_ENABLE_MODULES = NO;
				GCC_PREPROCESSOR_DEFINITIONS_NOT_USED_IN_PRECOMPS = "NATNET_YAML=1";
				LIBRARY_SEARCH_PATHS = (
					"$(inherited)",
					/usr/local/Cellar/libyaml/0.1.6_1/lib,
				);
				PRODUCT_NAME = "$(TARGET_NAME)";
			};
			name = Debug;
		};
		887A58D71C259EF700B5D0B1 /* Release */ = {
			isa = XCBuildConfiguration;
			buildSettings = {
				CLANG_ENABLE_MODULES = NO;
				GCC_PREPROCESSOR_DEFINITIONS_NOT_USED_IN_PRECOMPS = "NATNET_YAML=1";
				LIBRARY_SEARCH_PATHS = (
					"$(inherited)",
					/usr/local/Cellar/libyaml/0.1.6_1/lib,
				);
				PRODUCT_NAME = "$(TARGET_NAME)";
			};
			name = Release;
		};
		887AC1571C2AC252006DE75B /* Debug */ = {
			isa = XCBuildConfiguration;
			buildSettings = {
				CLANG_ENABLE_MODULES = NO;
				PRODUCT_NAME = "$(TARGET_NAME)";
			};
			name = Debug;
		};
		887AC1581C2AC252006DE75B /* Release */ = {
			isa = XCBuildConfiguration;
			buildSettings = {
				CLANG_ENABLE_MODULES = NO;
				PRODUCT_NAME = "$(TARGET_NAME)";
			};
			name = Release;
		};
		887AC1651C2B135D006DE75B /* Debug */ = {
			isa = XCBuildConfiguration;
			buildSettings = {
				CLANG_WARN_INT_CONVERSION = NO;
				DEPLOYMENT_LOCATION = YES;
				DSTROOT = "$(PROJECT_DIR)";
				GCC_WARN_64_TO_32_BIT_CONVERSION = NO;
				INSTALL_PATH = /bin;
				PRODUCT_NAME = "$(TARGET_NAME)";
			};
			name = Debug;
		};
		887AC1661C2B135D006DE75B /* Release */ = {
			isa = XCBuildConfiguration;
			buildSettings = {
				CLANG_WARN_INT_CONVERSION = NO;
				DEPLOYMENT_LOCATION = YES;
				DSTROOT = "$(PROJECT_DIR)";
				GCC_WARN_64_TO_32_BIT_CONVERSION = NO;
				INSTALL_PATH = /bin;
				PRODUCT_NAME = "$(TARGET_NAME)";
			};
			name = Release;
		};
/* End XCBuildConfiguration section */

/* Begin XCConfigurationList section */
		88258B291C3ACEAC003A3852 /* Build configuration list for PBXNativeTarget "fuse_test" */ = {
			isa = XCConfigurationList;
			buildConfigurations = (
				88258B2A1C3ACEAC003A3852 /* Debug */,
				88258B2B1C3ACEAC003A3852 /* Release */,
			);
			defaultConfigurationIsVisible = 0;
			defaultConfigurationName = Release;
		};
		88258B381C3BE91A003A3852 /* Build configuration list for PBXNativeTarget "NatNetC" */ = {
			isa = XCConfigurationList;
			buildConfigurations = (
				88258B391C3BE91A003A3852 /* Debug */,
				88258B3A1C3BE91A003A3852 /* Release */,
			);
			defaultConfigurationIsVisible = 0;
			defaultConfigurationName = Release;
		};
		88258B591C3BEDAD003A3852 /* Build configuration list for PBXNativeTarget "NatNetCstatic" */ = {
			isa = XCConfigurationList;
			buildConfigurations = (
				88258B5A1C3BEDAD003A3852 /* Debug */,
				88258B5B1C3BEDAD003A3852 /* Release */,
			);
			defaultConfigurationIsVisible = 0;
			defaultConfigurationName = Release;
		};
		887A58C91C259EF700B5D0B1 /* Build configuration list for PBXProject "NatNetC" */ = {
			isa = XCConfigurationList;
			buildConfigurations = (
				887A58D31C259EF700B5D0B1 /* Debug */,
				887A58D41C259EF700B5D0B1 /* Release */,
			);
			defaultConfigurationIsVisible = 0;
			defaultConfigurationName = Release;
		};
		887A58D51C259EF700B5D0B1 /* Build configuration list for PBXNativeTarget "NatNetCLI" */ = {
			isa = XCConfigurationList;
			buildConfigurations = (
				887A58D61C259EF700B5D0B1 /* Debug */,
				887A58D71C259EF700B5D0B1 /* Release */,
			);
			defaultConfigurationIsVisible = 0;
			defaultConfigurationName = Release;
		};
		887AC1561C2AC252006DE75B /* Build configuration list for PBXNativeTarget "NatNetCLIOrig" */ = {
			isa = XCConfigurationList;
			buildConfigurations = (
				887AC1571C2AC252006DE75B /* Debug */,
				887AC1581C2AC252006DE75B /* Release */,
			);
			defaultConfigurationIsVisible = 0;
			defaultConfigurationName = Release;
		};
		887AC1671C2B135D006DE75B /* Build configuration list for PBXNativeTarget "test" */ = {
			isa = XCConfigurationList;
			buildConfigurations = (
				887AC1651C2B135D006DE75B /* Debug */,
				887AC1661C2B135D006DE75B /* Release */,
			);
			defaultConfigurationIsVisible = 0;
			defaultConfigurationName = Release;
		};
/* End XCConfigurationList section */
	};
	rootObject = 887A58C61C259EF700B5D0B1 /* Project object */;
}
